
Microsoft Visual Studio Solution File, Format Version 12.00
# Visual Studio Version 17
VisualStudioVersion = 17.0.32112.339
MinimumVisualStudioVersion = 10.0.40219.1
Project("{2150E333-8FDC-42A3-9474-1A3956D46DE8}") = "Modules", "Modules", "{98CEE679-08F2-449C-97A6-59F4A7A16E9E}"
EndProject
Project("{2150E333-8FDC-42A3-9474-1A3956D46DE8}") = "Individuals", "Individuals", "{54C57BB7-9419-4E7D-B44E-218F98B40161}"
EndProject
Project("{2150E333-8FDC-42A3-9474-1A3956D46DE8}") = "SharedKernel", "SharedKernel", "{D1275F47-A906-4E50-9481-B701D7B6D6CD}"
EndProject
Project("{9A19103F-16F7-4668-BE54-9A1E7A4F7556}") = "Mmu.CleanDdd.WebApi", "Sources\System\WebApi\Mmu.CleanDdd.WebApi.csproj", "{207CAE0A-76DC-46B9-BC3E-2BC27E02B3B5}"
EndProject
Project("{9A19103F-16F7-4668-BE54-9A1E7A4F7556}") = "Mmu.CleanDdd.Individuals.Application", "Sources\System\Modules\Individuals\Application\Mmu.CleanDdd.Individuals.Application.csproj", "{C0AA9512-D489-47DF-9007-21AF74E5E3F8}"
EndProject
Project("{9A19103F-16F7-4668-BE54-9A1E7A4F7556}") = "Mmu.CleanDdd.Individuals.Application.Shell", "Sources\System\Modules\Individuals\Application.Shell\Mmu.CleanDdd.Individuals.Application.Shell.csproj", "{72ADE429-BB0C-4C23-ADA8-1F38EA62C175}"
EndProject
Project("{9A19103F-16F7-4668-BE54-9A1E7A4F7556}") = "Mmu.CleanDdd.Individuals.Domain", "Sources\System\Modules\Individuals\Domain\Mmu.CleanDdd.Individuals.Domain.csproj", "{4FF3038C-1660-489D-BA84-C91193B34AE8}"
EndProject
Project("{9A19103F-16F7-4668-BE54-9A1E7A4F7556}") = "Mmu.CleanDdd.Individuals.Domain.Shell", "Sources\System\Modules\Individuals\Domain.Shell\Mmu.CleanDdd.Individuals.Domain.Shell.csproj", "{A9527694-E070-4E83-A3B4-8E192A168068}"
EndProject
Project("{9A19103F-16F7-4668-BE54-9A1E7A4F7556}") = "Mmu.CleanDdd.Individuals.IntegrationEvents", "Sources\System\Modules\Individuals\IntegrationEvents\Mmu.CleanDdd.Individuals.IntegrationEvents.csproj", "{F576F0E2-A6F7-4BCB-B262-87C1F7B9808F}"
EndProject
Project("{2150E333-8FDC-42A3-9474-1A3956D46DE8}") = "Meetings", "Meetings", "{03CD41D7-E0A7-475C-B7F5-52249E4884FA}"
EndProject
Project("{9A19103F-16F7-4668-BE54-9A1E7A4F7556}") = "Mmu.CleanDdd.Meetings.Application", "Sources\System\Modules\Meetings\Application\Mmu.CleanDdd.Meetings.Application.csproj", "{80600672-2E26-449C-A614-6B5D0949F266}"
EndProject
Project("{9A19103F-16F7-4668-BE54-9A1E7A4F7556}") = "Mmu.CleanDdd.Meetings.Application.Shell", "Sources\System\Modules\Meetings\Application.Shell\Mmu.CleanDdd.Meetings.Application.Shell.csproj", "{33AAC21C-A0EE-491B-BC6A-2E0313429F89}"
EndProject
Project("{9A19103F-16F7-4668-BE54-9A1E7A4F7556}") = "Mmu.CleanDdd.Meetings.Domain", "Sources\System\Modules\Meetings\Domain\Mmu.CleanDdd.Meetings.Domain.csproj", "{88C34AA9-D8FB-4005-BB3F-E0942E3FA195}"
EndProject
Project("{9A19103F-16F7-4668-BE54-9A1E7A4F7556}") = "Mmu.CleanDdd.Meetings.Domain.Shell", "Sources\System\Modules\Meetings\Domain.Shell\Mmu.CleanDdd.Meetings.Domain.Shell.csproj", "{47EA0AA0-EFF7-4073-B704-56E6D7092658}"
EndProject
Project("{9A19103F-16F7-4668-BE54-9A1E7A4F7556}") = "Mmu.CleanDdd.Meetings.IntegrationEvents", "Sources\System\Modules\Meetings\IntegrationEvents\Mmu.CleanDdd.Meetings.IntegrationEvents.csproj", "{52EA73DA-5578-41AE-8118-935E0C0294D7}"
EndProject
Project("{9A19103F-16F7-4668-BE54-9A1E7A4F7556}") = "Mmu.CleanDdd.DataAccess", "Sources\System\DataAccess\Mmu.CleanDdd.DataAccess.csproj", "{9D10F2BA-6DAE-4544-A29F-31D4035D493F}"
EndProject
Project("{9A19103F-16F7-4668-BE54-9A1E7A4F7556}") = "Mmu.CleanDdd.SharedKernel.Application", "Sources\System\SharedKernel\Application\Mmu.CleanDdd.SharedKernel.Application.csproj", "{9E76CE33-FD5D-47E7-BECE-1E0B58A998BF}"
EndProject
Project("{9A19103F-16F7-4668-BE54-9A1E7A4F7556}") = "Mmu.CleanDdd.SharedKernel.Application.Shell", "Sources\System\SharedKernel\Application.Shell\Mmu.CleanDdd.SharedKernel.Application.Shell.csproj", "{D747E070-4B7E-4DCA-A605-5730F711BE17}"
EndProject
Project("{9A19103F-16F7-4668-BE54-9A1E7A4F7556}") = "Mmu.CleanDdd.SharedKernel.Domain.Shell", "Sources\System\SharedKernel\Domain.Shell\Mmu.CleanDdd.SharedKernel.Domain.Shell.csproj", "{8C585AA4-6A5C-46B0-AE62-8BA0061CB775}"
EndProject
Project("{9A19103F-16F7-4668-BE54-9A1E7A4F7556}") = "Mmu.CleanDdd.SharedKernel.IntegrationEvents", "Sources\System\SharedKernel\IntegrationEvents\Mmu.CleanDdd.SharedKernel.IntegrationEvents.csproj", "{6FA1CEC5-1C44-4FE1-AF6D-077DF16CFF2D}"
EndProject
Project("{9A19103F-16F7-4668-BE54-9A1E7A4F7556}") = "Mmu.CleanDdd.Dependencies", "Sources\System\Dependencies\Mmu.CleanDdd.Dependencies.csproj", "{BCCB90B6-5267-42AC-90CB-4E578D0F5A85}"
EndProject
Project("{9A19103F-16F7-4668-BE54-9A1E7A4F7556}") = "Mmu.CleanDdd.CrossCutting", "Sources\System\CrossCutting\Mmu.CleanDdd.CrossCutting.csproj", "{E3E42CD7-9487-4B71-A026-50C621621960}"
EndProject
Project("{2150E333-8FDC-42A3-9474-1A3956D46DE8}") = "Tests", "Tests", "{04F9D93A-73CB-4A14-B226-9DBFA089B267}"
EndProject
Project("{2150E333-8FDC-42A3-9474-1A3956D46DE8}") = "Tests", "Tests", "{FA86DD94-BC07-4828-91DE-E160FB48C758}"
EndProject
Project("{2150E333-8FDC-42A3-9474-1A3956D46DE8}") = "Tests", "Tests", "{9CD8D378-D401-4959-ACC0-FA8D59915962}"
EndProject
Project("{2150E333-8FDC-42A3-9474-1A3956D46DE8}") = "Tests", "Tests", "{E6691C9A-8112-47CD-9D4C-A1831F355235}"
EndProject
Project("{9A19103F-16F7-4668-BE54-9A1E7A4F7556}") = "Mmu.CleanDdd.SharedKernel.Domain", "Sources\System\SharedKernel\Domain\Mmu.CleanDdd.SharedKernel.Domain.csproj", "{7550A514-523E-473F-A8BE-5BEE0C1B4AB7}"
EndProject
Project("{9A19103F-16F7-4668-BE54-9A1E7A4F7556}") = "Mmu.CleanDdd.QualityTests", "Sources\Tests\QualityTests\Mmu.CleanDdd.QualityTests.csproj", "{1482E16C-7458-45E4-A06B-5126F116BD1B}"
EndProject
Project("{9A19103F-16F7-4668-BE54-9A1E7A4F7556}") = "Mmu.CleanDdd.DataAccess.UnitTests", "Sources\Tests\DataAccess.UnitTests\Mmu.CleanDdd.DataAccess.UnitTests.csproj", "{A6858D8B-7827-4EC9-8CA4-3F16C833CDA9}"
EndProject
Global
	GlobalSection(SolutionConfigurationPlatforms) = preSolution
		Debug|Any CPU = Debug|Any CPU
		Release|Any CPU = Release|Any CPU
	EndGlobalSection
	GlobalSection(ProjectConfigurationPlatforms) = postSolution
		{207CAE0A-76DC-46B9-BC3E-2BC27E02B3B5}.Debug|Any CPU.ActiveCfg = Debug|Any CPU
		{207CAE0A-76DC-46B9-BC3E-2BC27E02B3B5}.Debug|Any CPU.Build.0 = Debug|Any CPU
		{207CAE0A-76DC-46B9-BC3E-2BC27E02B3B5}.Release|Any CPU.ActiveCfg = Release|Any CPU
		{207CAE0A-76DC-46B9-BC3E-2BC27E02B3B5}.Release|Any CPU.Build.0 = Release|Any CPU
		{C0AA9512-D489-47DF-9007-21AF74E5E3F8}.Debug|Any CPU.ActiveCfg = Debug|Any CPU
		{C0AA9512-D489-47DF-9007-21AF74E5E3F8}.Debug|Any CPU.Build.0 = Debug|Any CPU
		{C0AA9512-D489-47DF-9007-21AF74E5E3F8}.Release|Any CPU.ActiveCfg = Release|Any CPU
		{C0AA9512-D489-47DF-9007-21AF74E5E3F8}.Release|Any CPU.Build.0 = Release|Any CPU
		{72ADE429-BB0C-4C23-ADA8-1F38EA62C175}.Debug|Any CPU.ActiveCfg = Debug|Any CPU
		{72ADE429-BB0C-4C23-ADA8-1F38EA62C175}.Debug|Any CPU.Build.0 = Debug|Any CPU
		{72ADE429-BB0C-4C23-ADA8-1F38EA62C175}.Release|Any CPU.ActiveCfg = Release|Any CPU
		{72ADE429-BB0C-4C23-ADA8-1F38EA62C175}.Release|Any CPU.Build.0 = Release|Any CPU
		{4FF3038C-1660-489D-BA84-C91193B34AE8}.Debug|Any CPU.ActiveCfg = Debug|Any CPU
		{4FF3038C-1660-489D-BA84-C91193B34AE8}.Debug|Any CPU.Build.0 = Debug|Any CPU
		{4FF3038C-1660-489D-BA84-C91193B34AE8}.Release|Any CPU.ActiveCfg = Release|Any CPU
		{4FF3038C-1660-489D-BA84-C91193B34AE8}.Release|Any CPU.Build.0 = Release|Any CPU
		{A9527694-E070-4E83-A3B4-8E192A168068}.Debug|Any CPU.ActiveCfg = Debug|Any CPU
		{A9527694-E070-4E83-A3B4-8E192A168068}.Debug|Any CPU.Build.0 = Debug|Any CPU
		{A9527694-E070-4E83-A3B4-8E192A168068}.Release|Any CPU.ActiveCfg = Release|Any CPU
		{A9527694-E070-4E83-A3B4-8E192A168068}.Release|Any CPU.Build.0 = Release|Any CPU
		{F576F0E2-A6F7-4BCB-B262-87C1F7B9808F}.Debug|Any CPU.ActiveCfg = Debug|Any CPU
		{F576F0E2-A6F7-4BCB-B262-87C1F7B9808F}.Debug|Any CPU.Build.0 = Debug|Any CPU
		{F576F0E2-A6F7-4BCB-B262-87C1F7B9808F}.Release|Any CPU.ActiveCfg = Release|Any CPU
		{F576F0E2-A6F7-4BCB-B262-87C1F7B9808F}.Release|Any CPU.Build.0 = Release|Any CPU
		{80600672-2E26-449C-A614-6B5D0949F266}.Debug|Any CPU.ActiveCfg = Debug|Any CPU
		{80600672-2E26-449C-A614-6B5D0949F266}.Debug|Any CPU.Build.0 = Debug|Any CPU
		{80600672-2E26-449C-A614-6B5D0949F266}.Release|Any CPU.ActiveCfg = Release|Any CPU
		{80600672-2E26-449C-A614-6B5D0949F266}.Release|Any CPU.Build.0 = Release|Any CPU
		{33AAC21C-A0EE-491B-BC6A-2E0313429F89}.Debug|Any CPU.ActiveCfg = Debug|Any CPU
		{33AAC21C-A0EE-491B-BC6A-2E0313429F89}.Debug|Any CPU.Build.0 = Debug|Any CPU
		{33AAC21C-A0EE-491B-BC6A-2E0313429F89}.Release|Any CPU.ActiveCfg = Release|Any CPU
		{33AAC21C-A0EE-491B-BC6A-2E0313429F89}.Release|Any CPU.Build.0 = Release|Any CPU
		{88C34AA9-D8FB-4005-BB3F-E0942E3FA195}.Debug|Any CPU.ActiveCfg = Debug|Any CPU
		{88C34AA9-D8FB-4005-BB3F-E0942E3FA195}.Debug|Any CPU.Build.0 = Debug|Any CPU
		{88C34AA9-D8FB-4005-BB3F-E0942E3FA195}.Release|Any CPU.ActiveCfg = Release|Any CPU
		{88C34AA9-D8FB-4005-BB3F-E0942E3FA195}.Release|Any CPU.Build.0 = Release|Any CPU
		{47EA0AA0-EFF7-4073-B704-56E6D7092658}.Debug|Any CPU.ActiveCfg = Debug|Any CPU
		{47EA0AA0-EFF7-4073-B704-56E6D7092658}.Debug|Any CPU.Build.0 = Debug|Any CPU
		{47EA0AA0-EFF7-4073-B704-56E6D7092658}.Release|Any CPU.ActiveCfg = Release|Any CPU
		{47EA0AA0-EFF7-4073-B704-56E6D7092658}.Release|Any CPU.Build.0 = Release|Any CPU
		{52EA73DA-5578-41AE-8118-935E0C0294D7}.Debug|Any CPU.ActiveCfg = Debug|Any CPU
		{52EA73DA-5578-41AE-8118-935E0C0294D7}.Debug|Any CPU.Build.0 = Debug|Any CPU
		{52EA73DA-5578-41AE-8118-935E0C0294D7}.Release|Any CPU.ActiveCfg = Release|Any CPU
		{52EA73DA-5578-41AE-8118-935E0C0294D7}.Release|Any CPU.Build.0 = Release|Any CPU
		{9D10F2BA-6DAE-4544-A29F-31D4035D493F}.Debug|Any CPU.ActiveCfg = Debug|Any CPU
		{9D10F2BA-6DAE-4544-A29F-31D4035D493F}.Debug|Any CPU.Build.0 = Debug|Any CPU
		{9D10F2BA-6DAE-4544-A29F-31D4035D493F}.Release|Any CPU.ActiveCfg = Release|Any CPU
		{9D10F2BA-6DAE-4544-A29F-31D4035D493F}.Release|Any CPU.Build.0 = Release|Any CPU
		{9E76CE33-FD5D-47E7-BECE-1E0B58A998BF}.Debug|Any CPU.ActiveCfg = Debug|Any CPU
		{9E76CE33-FD5D-47E7-BECE-1E0B58A998BF}.Debug|Any CPU.Build.0 = Debug|Any CPU
		{9E76CE33-FD5D-47E7-BECE-1E0B58A998BF}.Release|Any CPU.ActiveCfg = Release|Any CPU
		{9E76CE33-FD5D-47E7-BECE-1E0B58A998BF}.Release|Any CPU.Build.0 = Release|Any CPU
		{D747E070-4B7E-4DCA-A605-5730F711BE17}.Debug|Any CPU.ActiveCfg = Debug|Any CPU
		{D747E070-4B7E-4DCA-A605-5730F711BE17}.Debug|Any CPU.Build.0 = Debug|Any CPU
		{D747E070-4B7E-4DCA-A605-5730F711BE17}.Release|Any CPU.ActiveCfg = Release|Any CPU
		{D747E070-4B7E-4DCA-A605-5730F711BE17}.Release|Any CPU.Build.0 = Release|Any CPU
		{8C585AA4-6A5C-46B0-AE62-8BA0061CB775}.Debug|Any CPU.ActiveCfg = Debug|Any CPU
		{8C585AA4-6A5C-46B0-AE62-8BA0061CB775}.Debug|Any CPU.Build.0 = Debug|Any CPU
		{8C585AA4-6A5C-46B0-AE62-8BA0061CB775}.Release|Any CPU.ActiveCfg = Release|Any CPU
		{8C585AA4-6A5C-46B0-AE62-8BA0061CB775}.Release|Any CPU.Build.0 = Release|Any CPU
		{6FA1CEC5-1C44-4FE1-AF6D-077DF16CFF2D}.Debug|Any CPU.ActiveCfg = Debug|Any CPU
		{6FA1CEC5-1C44-4FE1-AF6D-077DF16CFF2D}.Debug|Any CPU.Build.0 = Debug|Any CPU
		{6FA1CEC5-1C44-4FE1-AF6D-077DF16CFF2D}.Release|Any CPU.ActiveCfg = Release|Any CPU
		{6FA1CEC5-1C44-4FE1-AF6D-077DF16CFF2D}.Release|Any CPU.Build.0 = Release|Any CPU
		{BCCB90B6-5267-42AC-90CB-4E578D0F5A85}.Debug|Any CPU.ActiveCfg = Debug|Any CPU
		{BCCB90B6-5267-42AC-90CB-4E578D0F5A85}.Debug|Any CPU.Build.0 = Debug|Any CPU
		{BCCB90B6-5267-42AC-90CB-4E578D0F5A85}.Release|Any CPU.ActiveCfg = Release|Any CPU
		{BCCB90B6-5267-42AC-90CB-4E578D0F5A85}.Release|Any CPU.Build.0 = Release|Any CPU
		{E3E42CD7-9487-4B71-A026-50C621621960}.Debug|Any CPU.ActiveCfg = Debug|Any CPU
		{E3E42CD7-9487-4B71-A026-50C621621960}.Debug|Any CPU.Build.0 = Debug|Any CPU
		{E3E42CD7-9487-4B71-A026-50C621621960}.Release|Any CPU.ActiveCfg = Release|Any CPU
		{E3E42CD7-9487-4B71-A026-50C621621960}.Release|Any CPU.Build.0 = Release|Any CPU
		{7550A514-523E-473F-A8BE-5BEE0C1B4AB7}.Debug|Any CPU.ActiveCfg = Debug|Any CPU
		{7550A514-523E-473F-A8BE-5BEE0C1B4AB7}.Debug|Any CPU.Build.0 = Debug|Any CPU
		{7550A514-523E-473F-A8BE-5BEE0C1B4AB7}.Release|Any CPU.ActiveCfg = Release|Any CPU
		{7550A514-523E-473F-A8BE-5BEE0C1B4AB7}.Release|Any CPU.Build.0 = Release|Any CPU
		{1482E16C-7458-45E4-A06B-5126F116BD1B}.Debug|Any CPU.ActiveCfg = Debug|Any CPU
		{1482E16C-7458-45E4-A06B-5126F116BD1B}.Debug|Any CPU.Build.0 = Debug|Any CPU
		{1482E16C-7458-45E4-A06B-5126F116BD1B}.Release|Any CPU.ActiveCfg = Release|Any CPU
		{1482E16C-7458-45E4-A06B-5126F116BD1B}.Release|Any CPU.Build.0 = Release|Any CPU
		{A6858D8B-7827-4EC9-8CA4-3F16C833CDA9}.Debug|Any CPU.ActiveCfg = Debug|Any CPU
		{A6858D8B-7827-4EC9-8CA4-3F16C833CDA9}.Debug|Any CPU.Build.0 = Debug|Any CPU
		{A6858D8B-7827-4EC9-8CA4-3F16C833CDA9}.Release|Any CPU.ActiveCfg = Release|Any CPU
		{A6858D8B-7827-4EC9-8CA4-3F16C833CDA9}.Release|Any CPU.Build.0 = Release|Any CPU
	EndGlobalSection
	GlobalSection(SolutionProperties) = preSolution
		HideSolutionNode = FALSE
	EndGlobalSection
	GlobalSection(NestedProjects) = preSolution
		{54C57BB7-9419-4E7D-B44E-218F98B40161} = {98CEE679-08F2-449C-97A6-59F4A7A16E9E}
		{C0AA9512-D489-47DF-9007-21AF74E5E3F8} = {54C57BB7-9419-4E7D-B44E-218F98B40161}
		{72ADE429-BB0C-4C23-ADA8-1F38EA62C175} = {54C57BB7-9419-4E7D-B44E-218F98B40161}
		{4FF3038C-1660-489D-BA84-C91193B34AE8} = {54C57BB7-9419-4E7D-B44E-218F98B40161}
		{A9527694-E070-4E83-A3B4-8E192A168068} = {54C57BB7-9419-4E7D-B44E-218F98B40161}
		{F576F0E2-A6F7-4BCB-B262-87C1F7B9808F} = {54C57BB7-9419-4E7D-B44E-218F98B40161}
		{03CD41D7-E0A7-475C-B7F5-52249E4884FA} = {98CEE679-08F2-449C-97A6-59F4A7A16E9E}
		{80600672-2E26-449C-A614-6B5D0949F266} = {03CD41D7-E0A7-475C-B7F5-52249E4884FA}
		{33AAC21C-A0EE-491B-BC6A-2E0313429F89} = {03CD41D7-E0A7-475C-B7F5-52249E4884FA}
		{88C34AA9-D8FB-4005-BB3F-E0942E3FA195} = {03CD41D7-E0A7-475C-B7F5-52249E4884FA}
		{47EA0AA0-EFF7-4073-B704-56E6D7092658} = {03CD41D7-E0A7-475C-B7F5-52249E4884FA}
		{52EA73DA-5578-41AE-8118-935E0C0294D7} = {03CD41D7-E0A7-475C-B7F5-52249E4884FA}
		{9E76CE33-FD5D-47E7-BECE-1E0B58A998BF} = {D1275F47-A906-4E50-9481-B701D7B6D6CD}
		{D747E070-4B7E-4DCA-A605-5730F711BE17} = {D1275F47-A906-4E50-9481-B701D7B6D6CD}
		{8C585AA4-6A5C-46B0-AE62-8BA0061CB775} = {D1275F47-A906-4E50-9481-B701D7B6D6CD}
		{6FA1CEC5-1C44-4FE1-AF6D-077DF16CFF2D} = {D1275F47-A906-4E50-9481-B701D7B6D6CD}
		{FA86DD94-BC07-4828-91DE-E160FB48C758} = {D1275F47-A906-4E50-9481-B701D7B6D6CD}
		{9CD8D378-D401-4959-ACC0-FA8D59915962} = {54C57BB7-9419-4E7D-B44E-218F98B40161}
		{E6691C9A-8112-47CD-9D4C-A1831F355235} = {03CD41D7-E0A7-475C-B7F5-52249E4884FA}
		{7550A514-523E-473F-A8BE-5BEE0C1B4AB7} = {D1275F47-A906-4E50-9481-B701D7B6D6CD}
		{1482E16C-7458-45E4-A06B-5126F116BD1B} = {04F9D93A-73CB-4A14-B226-9DBFA089B267}
		{A6858D8B-7827-4EC9-8CA4-3F16C833CDA9} = {04F9D93A-73CB-4A14-B226-9DBFA089B267}
	EndGlobalSection
	GlobalSection(ExtensibilityGlobals) = postSolution
		SolutionGuid = {E1B91E1E-F2F2-4CF9-B588-6903F1D85A89}
	EndGlobalSection
EndGlobal
